{
    "requires": true,
    "lockfileVersion": 1,
    "dependencies": {
        "hello-week": {
            "version": "2.10.3",
            "resolved": "https://registry.npmjs.org/hello-week/-/hello-week-2.10.3.tgz",
            "integrity": "sha512-T99rakSl/LQL/qdgIHCCwJ2ToYBZ/fblgef3hSFzH9NCx8Wmdq3WaEEaNfaUmbu2M+9NGkJZTVXn6sJY7CaAZQ==",
            "dev": true
        }
    }
}
